
Microsoft Visual Studio Solution File, Format Version 12.00
# Visual Studio Version 17
VisualStudioVersion = 17.8.34511.84
MinimumVisualStudioVersion = 10.0.40219.1
Project("{9A19103F-16F7-4668-BE54-9A1E7A4F7556}") = "HrApp", "HrApp\HrApp.csproj", "{5410DE08-C909-4888-B218-283A3FB4C510}"
EndProject
Global
	GlobalSection(SolutionConfigurationPlatforms) = preSolution
		Debug|Any CPU = Debug|Any CPU
		Release|Any CPU = Release|Any CPU
	EndGlobalSection
	GlobalSection(ProjectConfigurationPlatforms) = postSolution
		{5410DE08-C909-4888-B218-283A3FB4C510}.Debug|Any CPU.ActiveCfg = Debug|Any CPU
		{5410DE08-C909-4888-B218-283A3FB4C510}.Debug|Any CPU.Build.0 = Debug|Any CPU
		{5410DE08-C909-4888-B218-283A3FB4C510}.Release|Any CPU.ActiveCfg = Release|Any CPU
		{5410DE08-C909-4888-B218-283A3FB4C510}.Release|Any CPU.Build.0 = Release|Any CPU
	EndGlobalSection
	GlobalSection(SolutionProperties) = preSolution
		HideSolutionNode = FALSE
	EndGlobalSection
	GlobalSection(ExtensibilityGlobals) = postSolution
		SolutionGuid = {8BE166F1-AE90-410B-B5DC-6315D53ABB6B}
	EndGlobalSection
EndGlobal
